
Microsoft Visual Studio Solution File, Format Version 12.00
# Visual Studio Version 17
VisualStudioVersion = 17.2.32526.322
MinimumVisualStudioVersion = 10.0.40219.1
Project("{FAE04EC0-301F-11D3-BF4B-00C04F79EFBC}") = "Amazing", "Amazing\Amazing.csproj", "{AA39925A-A08A-4A95-86FC-799B71504C38}"
EndProject
Project("{FAE04EC0-301F-11D3-BF4B-00C04F79EFBC}") = "Amazing.Data", "Amazing.Data\Amazing.Data.csproj", "{34BE3D68-4BB2-465C-B9D9-D05ADE73977D}"
EndProject
Global
	GlobalSection(SolutionConfigurationPlatforms) = preSolution
		Debug|Any CPU = Debug|Any CPU
		Release|Any CPU = Release|Any CPU
	EndGlobalSection
	GlobalSection(ProjectConfigurationPlatforms) = postSolution
		{AA39925A-A08A-4A95-86FC-799B71504C38}.Debug|Any CPU.ActiveCfg = Debug|Any CPU
		{AA39925A-A08A-4A95-86FC-799B71504C38}.Debug|Any CPU.Build.0 = Debug|Any CPU
		{AA39925A-A08A-4A95-86FC-799B71504C38}.Release|Any CPU.ActiveCfg = Release|Any CPU
		{AA39925A-A08A-4A95-86FC-799B71504C38}.Release|Any CPU.Build.0 = Release|Any CPU
		{34BE3D68-4BB2-465C-B9D9-D05ADE73977D}.Debug|Any CPU.ActiveCfg = Debug|Any CPU
		{34BE3D68-4BB2-465C-B9D9-D05ADE73977D}.Debug|Any CPU.Build.0 = Debug|Any CPU
		{34BE3D68-4BB2-465C-B9D9-D05ADE73977D}.Release|Any CPU.ActiveCfg = Release|Any CPU
		{34BE3D68-4BB2-465C-B9D9-D05ADE73977D}.Release|Any CPU.Build.0 = Release|Any CPU
	EndGlobalSection
	GlobalSection(SolutionProperties) = preSolution
		HideSolutionNode = FALSE
	EndGlobalSection
	GlobalSection(ExtensibilityGlobals) = postSolution
		SolutionGuid = {3DE9F3F4-04B4-4F31-BF6D-E7670448FF93}
	EndGlobalSection
EndGlobal
